<Solution>
  <Folder Name="/src/" />
  <Folder Name="/src/Application/">
    <Project Path="Todo.Application/Todo.Application.csproj" Id="6045b829-1d7f-4c7a-82a5-1fec71795b84" />
  </Folder>
  <Folder Name="/src/Domain/">
    <Project Path="Todo.Domain/Todo.Domain.csproj" Id="468ff4e0-0b58-4e68-b60b-0bb5cd3c17a6" />
  </Folder>
  <Folder Name="/src/Infrastructure/">
    <Project Path="Todo.Infrastructure/Todo.Infrastructure.csproj" Id="c8cc92f9-c58d-47f4-84cf-4f04e2720c55" />
  </Folder>
  <Folder Name="/src/Presentation/">
    <Project Path="Todo.API/Todo.API.csproj" />
  </Folder>
</Solution>
